{
  "name": "test-sdk",
  "version": "4.0.2",
  "lockfileVersion": 3,
  "requires": true,
  "packages": {
    "": {
      "name": "test-sdk",
      "version": "4.0.2",
      "license": "MIT",
      "dependencies": {
        "zod": "3.0.0"
      },
      "devDependencies": {
        "typescript": "5.3.3"
      }
    },
    "node_modules/typescript": {
      "version": "5.3.3",
      "resolved": "https://registry.npmjs.org/typescript/-/typescript-5.3.3.tgz",
      "integrity": "sha512-pXWcraxM0uxAS+tN0AG/BF2TyqmHO014Z070UsJ+pFvYuRSq8KH8DmWpnbXe0pEPDHXZV3FcAbJkijJ5oNEnWw==",
      "dev": true,
      "bin": {
        "tsc": "bin/tsc",
        "tsserver": "bin/tsserver"
      },
      "engines": {
        "node": ">=14.17"
      }
    },
    "node_modules/zod": {
      "version": "3.0.0",
      "resolved": "https://registry.npmjs.org/zod/-/zod-3.0.0.tgz",
      "integrity": "sha512-4DBG6siN02ooPB1yvEEqoe32maHzKEdGgtQ2HEz6FnFtgTjwZtzJ3ScuiDgtssWfDyLnQ3MvtSj6ff5ANL4STw==",
      "funding": {
        "url": "https://github.com/sponsors/colinhacks"
      }
    }
  }
}
